// !$*UTF8*$!
{
	archiveVersion = 1;
	classes = {
	};
	objectVersion = 46;
	objects = {

/* Begin PBXBuildFile section */
		043E428B1EB7744C001C56F2 /* main.m in Sources */ = {isa = PBXBuildFile; fileRef = 043E428A1EB7744C001C56F2 /* main.m */; };
		043E42971EB7744C001C56F2 /* SunFlower.xcdatamodeld in Sources */ = {isa = PBXBuildFile; fileRef = 043E42951EB7744C001C56F2 /* SunFlower.xcdatamodeld */; };
		043E42991EB7744C001C56F2 /* Assets.xcassets in Resources */ = {isa = PBXBuildFile; fileRef = 043E42981EB7744C001C56F2 /* Assets.xcassets */; };
		043E429C1EB7744C001C56F2 /* LaunchScreen.storyboard in Resources */ = {isa = PBXBuildFile; fileRef = 043E429A1EB7744C001C56F2 /* LaunchScreen.storyboard */; };
		043E42A71EB7744D001C56F2 /* SunFlowerTests.m in Sources */ = {isa = PBXBuildFile; fileRef = 043E42A61EB7744D001C56F2 /* SunFlowerTests.m */; };
		043E42B21EB7744D001C56F2 /* SunFlowerUITests.m in Sources */ = {isa = PBXBuildFile; fileRef = 043E42B11EB7744D001C56F2 /* SunFlowerUITests.m */; };
		04A087081EF02A2600F4E242 /* StationViewController.m in Sources */ = {isa = PBXBuildFile; fileRef = 04A087071EF02A2600F4E242 /* StationViewController.m */; };
		04DF6FC21EE9951400E2A31F /* NavigationController.m in Sources */ = {isa = PBXBuildFile; fileRef = 04DF6FB71EE9951400E2A31F /* NavigationController.m */; };
		04DF6FC31EE9951400E2A31F /* TabBarController.m in Sources */ = {isa = PBXBuildFile; fileRef = 04DF6FB91EE9951400E2A31F /* TabBarController.m */; };
		04DF6FC41EE9951400E2A31F /* BaseModel.m in Sources */ = {isa = PBXBuildFile; fileRef = 04DF6FBC1EE9951400E2A31F /* BaseModel.m */; };
		04DF6FC51EE9951400E2A31F /* TabBar.m in Sources */ = {isa = PBXBuildFile; fileRef = 04DF6FBF1EE9951400E2A31F /* TabBar.m */; };
		04DF6FC61EE9951400E2A31F /* TabBarButton.m in Sources */ = {isa = PBXBuildFile; fileRef = 04DF6FC11EE9951400E2A31F /* TabBarButton.m */; };
		04DF6FDD1EE999B000E2A31F /* FlowerViewController.m in Sources */ = {isa = PBXBuildFile; fileRef = 04DF6FDC1EE999B000E2A31F /* FlowerViewController.m */; };
		04DF6FE01EE999BC00E2A31F /* MineViewController.m in Sources */ = {isa = PBXBuildFile; fileRef = 04DF6FDF1EE999BC00E2A31F /* MineViewController.m */; };
		04DF6FE31EE999CB00E2A31F /* PublishViewController.m in Sources */ = {isa = PBXBuildFile; fileRef = 04DF6FE21EE999CB00E2A31F /* PublishViewController.m */; };
		04DF6FE91EE999E400E2A31F /* TopicViewController.m in Sources */ = {isa = PBXBuildFile; fileRef = 04DF6FE81EE999E400E2A31F /* TopicViewController.m */; };
		04ED24CA1ED19864009E7ADC /* SFAppDelegate.m in Sources */ = {isa = PBXBuildFile; fileRef = 04ED24C91ED19864009E7ADC /* SFAppDelegate.m */; };
		04ED24D71ED1DC6E009E7ADC /* SFAppDelegate+AppService.m in Sources */ = {isa = PBXBuildFile; fileRef = 04ED24D61ED1DC6E009E7ADC /* SFAppDelegate+AppService.m */; };
		04ED24DA1ED1DC7C009E7ADC /* SFAppDelegate+AppLifeCircle.m in Sources */ = {isa = PBXBuildFile; fileRef = 04ED24D91ED1DC7C009E7ADC /* SFAppDelegate+AppLifeCircle.m */; };
		04ED24DD1ED1DC8B009E7ADC /* SFAppDelegate+RootController.m in Sources */ = {isa = PBXBuildFile; fileRef = 04ED24DC1ED1DC8B009E7ADC /* SFAppDelegate+RootController.m */; };
		A3F0FB94FE829B438C936EC8 /* libPods-SunFlower.a in Frameworks */ = {isa = PBXBuildFile; fileRef = D00D29523ECC09557B4F160B /* libPods-SunFlower.a */; };
/* End PBXBuildFile section */

/* Begin PBXContainerItemProxy section */
		043E42A31EB7744D001C56F2 /* PBXContainerItemProxy */ = {
			isa = PBXContainerItemProxy;
			containerPortal = 043E427E1EB7744C001C56F2 /* Project object */;
			proxyType = 1;
			remoteGlobalIDString = 043E42851EB7744C001C56F2;
			remoteInfo = SunFlower;
		};
		043E42AE1EB7744D001C56F2 /* PBXContainerItemProxy */ = {
			isa = PBXContainerItemProxy;
			containerPortal = 043E427E1EB7744C001C56F2 /* Project object */;
			proxyType = 1;
			remoteGlobalIDString = 043E42851EB7744C001C56F2;
			remoteInfo = SunFlower;
		};
/* End PBXContainerItemProxy section */

/* Begin PBXFileReference section */
		040547BF1EE44FCE008B5060 /* PrefixHeader.pch */ = {isa = PBXFileReference; lastKnownFileType = sourcecode.c.h; path = PrefixHeader.pch; sourceTree = "<group>"; };
		040547C01EE4512D008B5060 /* Import.h */ = {isa = PBXFileReference; lastKnownFileType = sourcecode.c.h; path = Import.h; sourceTree = "<group>"; };
		040547C11EE4513A008B5060 /* Define.h */ = {isa = PBXFileReference; lastKnownFileType = sourcecode.c.h; path = Define.h; sourceTree = "<group>"; };
		040547C21EE45151008B5060 /* Api.h */ = {isa = PBXFileReference; lastKnownFileType = sourcecode.c.h; path = Api.h; sourceTree = "<group>"; };
		043E42861EB7744C001C56F2 /* SunFlower.app */ = {isa = PBXFileReference; explicitFileType = wrapper.application; includeInIndex = 0; path = SunFlower.app; sourceTree = BUILT_PRODUCTS_DIR; };
		043E428A1EB7744C001C56F2 /* main.m */ = {isa = PBXFileReference; lastKnownFileType = sourcecode.c.objc; path = main.m; sourceTree = "<group>"; };
		043E42961EB7744C001C56F2 /* SunFlower.xcdatamodel */ = {isa = PBXFileReference; lastKnownFileType = wrapper.xcdatamodel; path = SunFlower.xcdatamodel; sourceTree = "<group>"; };
		043E42981EB7744C001C56F2 /* Assets.xcassets */ = {isa = PBXFileReference; lastKnownFileType = folder.assetcatalog; path = Assets.xcassets; sourceTree = "<group>"; };
		043E429B1EB7744C001C56F2 /* Base */ = {isa = PBXFileReference; lastKnownFileType = file.storyboard; name = Base; path = Base.lproj/LaunchScreen.storyboard; sourceTree = "<group>"; };
		043E429D1EB7744D001C56F2 /* Info.plist */ = {isa = PBXFileReference; lastKnownFileType = text.plist.xml; path = Info.plist; sourceTree = "<group>"; };
		043E42A21EB7744D001C56F2 /* SunFlowerTests.xctest */ = {isa = PBXFileReference; explicitFileType = wrapper.cfbundle; includeInIndex = 0; path = SunFlowerTests.xctest; sourceTree = BUILT_PRODUCTS_DIR; };
		043E42A61EB7744D001C56F2 /* SunFlowerTests.m */ = {isa = PBXFileReference; lastKnownFileType = sourcecode.c.objc; path = SunFlowerTests.m; sourceTree = "<group>"; };
		043E42A81EB7744D001C56F2 /* Info.plist */ = {isa = PBXFileReference; lastKnownFileType = text.plist.xml; path = Info.plist; sourceTree = "<group>"; };
		043E42AD1EB7744D001C56F2 /* SunFlowerUITests.xctest */ = {isa = PBXFileReference; explicitFileType = wrapper.cfbundle; includeInIndex = 0; path = SunFlowerUITests.xctest; sourceTree = BUILT_PRODUCTS_DIR; };
		043E42B11EB7744D001C56F2 /* SunFlowerUITests.m */ = {isa = PBXFileReference; lastKnownFileType = sourcecode.c.objc; path = SunFlowerUITests.m; sourceTree = "<group>"; };
		043E42B31EB7744D001C56F2 /* Info.plist */ = {isa = PBXFileReference; lastKnownFileType = text.plist.xml; path = Info.plist; sourceTree = "<group>"; };
		04A087061EF02A2600F4E242 /* StationViewController.h */ = {isa = PBXFileReference; fileEncoding = 4; lastKnownFileType = sourcecode.c.h; path = StationViewController.h; sourceTree = "<group>"; };
		04A087071EF02A2600F4E242 /* StationViewController.m */ = {isa = PBXFileReference; fileEncoding = 4; lastKnownFileType = sourcecode.c.objc; path = StationViewController.m; sourceTree = "<group>"; };
		04DF6FB61EE9951400E2A31F /* NavigationController.h */ = {isa = PBXFileReference; fileEncoding = 4; lastKnownFileType = sourcecode.c.h; path = NavigationController.h; sourceTree = "<group>"; };
		04DF6FB71EE9951400E2A31F /* NavigationController.m */ = {isa = PBXFileReference; fileEncoding = 4; lastKnownFileType = sourcecode.c.objc; path = NavigationController.m; sourceTree = "<group>"; };
		04DF6FB81EE9951400E2A31F /* TabBarController.h */ = {isa = PBXFileReference; fileEncoding = 4; lastKnownFileType = sourcecode.c.h; path = TabBarController.h; sourceTree = "<group>"; };
		04DF6FB91EE9951400E2A31F /* TabBarController.m */ = {isa = PBXFileReference; fileEncoding = 4; lastKnownFileType = sourcecode.c.objc; path = TabBarController.m; sourceTree = "<group>"; };
		04DF6FBB1EE9951400E2A31F /* BaseModel.h */ = {isa = PBXFileReference; fileEncoding = 4; lastKnownFileType = sourcecode.c.h; path = BaseModel.h; sourceTree = "<group>"; };
		04DF6FBC1EE9951400E2A31F /* BaseModel.m */ = {isa = PBXFileReference; fileEncoding = 4; lastKnownFileType = sourcecode.c.objc; path = BaseModel.m; sourceTree = "<group>"; };
		04DF6FBE1EE9951400E2A31F /* TabBar.h */ = {isa = PBXFileReference; fileEncoding = 4; lastKnownFileType = sourcecode.c.h; path = TabBar.h; sourceTree = "<group>"; };
		04DF6FBF1EE9951400E2A31F /* TabBar.m */ = {isa = PBXFileReference; fileEncoding = 4; lastKnownFileType = sourcecode.c.objc; path = TabBar.m; sourceTree = "<group>"; };
		04DF6FC01EE9951400E2A31F /* TabBarButton.h */ = {isa = PBXFileReference; fileEncoding = 4; lastKnownFileType = sourcecode.c.h; path = TabBarButton.h; sourceTree = "<group>"; };
		04DF6FC11EE9951400E2A31F /* TabBarButton.m */ = {isa = PBXFileReference; fileEncoding = 4; lastKnownFileType = sourcecode.c.objc; path = TabBarButton.m; sourceTree = "<group>"; };
		04DF6FDB1EE999B000E2A31F /* FlowerViewController.h */ = {isa = PBXFileReference; fileEncoding = 4; lastKnownFileType = sourcecode.c.h; path = FlowerViewController.h; sourceTree = "<group>"; };
		04DF6FDC1EE999B000E2A31F /* FlowerViewController.m */ = {isa = PBXFileReference; fileEncoding = 4; lastKnownFileType = sourcecode.c.objc; path = FlowerViewController.m; sourceTree = "<group>"; };
		04DF6FDE1EE999BC00E2A31F /* MineViewController.h */ = {isa = PBXFileReference; fileEncoding = 4; lastKnownFileType = sourcecode.c.h; path = MineViewController.h; sourceTree = "<group>"; };
		04DF6FDF1EE999BC00E2A31F /* MineViewController.m */ = {isa = PBXFileReference; fileEncoding = 4; lastKnownFileType = sourcecode.c.objc; path = MineViewController.m; sourceTree = "<group>"; };
		04DF6FE11EE999CB00E2A31F /* PublishViewController.h */ = {isa = PBXFileReference; fileEncoding = 4; lastKnownFileType = sourcecode.c.h; path = PublishViewController.h; sourceTree = "<group>"; };
		04DF6FE21EE999CB00E2A31F /* PublishViewController.m */ = {isa = PBXFileReference; fileEncoding = 4; lastKnownFileType = sourcecode.c.objc; path = PublishViewController.m; sourceTree = "<group>"; };
		04DF6FE71EE999E400E2A31F /* TopicViewController.h */ = {isa = PBXFileReference; fileEncoding = 4; lastKnownFileType = sourcecode.c.h; path = TopicViewController.h; sourceTree = "<group>"; };
		04DF6FE81EE999E400E2A31F /* TopicViewController.m */ = {isa = PBXFileReference; fileEncoding = 4; lastKnownFileType = sourcecode.c.objc; path = TopicViewController.m; sourceTree = "<group>"; };
		04ED24C81ED19864009E7ADC /* SFAppDelegate.h */ = {isa = PBXFileReference; fileEncoding = 4; lastKnownFileType = sourcecode.c.h; path = SFAppDelegate.h; sourceTree = "<group>"; };
		04ED24C91ED19864009E7ADC /* SFAppDelegate.m */ = {isa = PBXFileReference; fileEncoding = 4; lastKnownFileType = sourcecode.c.objc; path = SFAppDelegate.m; sourceTree = "<group>"; };
		04ED24D51ED1DC6E009E7ADC /* SFAppDelegate+AppService.h */ = {isa = PBXFileReference; fileEncoding = 4; lastKnownFileType = sourcecode.c.h; path = "SFAppDelegate+AppService.h"; sourceTree = "<group>"; };
		04ED24D61ED1DC6E009E7ADC /* SFAppDelegate+AppService.m */ = {isa = PBXFileReference; fileEncoding = 4; lastKnownFileType = sourcecode.c.objc; path = "SFAppDelegate+AppService.m"; sourceTree = "<group>"; };
		04ED24D81ED1DC7C009E7ADC /* SFAppDelegate+AppLifeCircle.h */ = {isa = PBXFileReference; fileEncoding = 4; lastKnownFileType = sourcecode.c.h; path = "SFAppDelegate+AppLifeCircle.h"; sourceTree = "<group>"; };
		04ED24D91ED1DC7C009E7ADC /* SFAppDelegate+AppLifeCircle.m */ = {isa = PBXFileReference; fileEncoding = 4; lastKnownFileType = sourcecode.c.objc; path = "SFAppDelegate+AppLifeCircle.m"; sourceTree = "<group>"; };
		04ED24DB1ED1DC8B009E7ADC /* SFAppDelegate+RootController.h */ = {isa = PBXFileReference; fileEncoding = 4; lastKnownFileType = sourcecode.c.h; path = "SFAppDelegate+RootController.h"; sourceTree = "<group>"; };
		04ED24DC1ED1DC8B009E7ADC /* SFAppDelegate+RootController.m */ = {isa = PBXFileReference; fileEncoding = 4; lastKnownFileType = sourcecode.c.objc; path = "SFAppDelegate+RootController.m"; sourceTree = "<group>"; };
		24335FE311BF223605AC2178 /* Pods-SunFlower.debug.xcconfig */ = {isa = PBXFileReference; includeInIndex = 1; lastKnownFileType = text.xcconfig; name = "Pods-SunFlower.debug.xcconfig"; path = "Pods/Target Support Files/Pods-SunFlower/Pods-SunFlower.debug.xcconfig"; sourceTree = "<group>"; };
		D00D29523ECC09557B4F160B /* libPods-SunFlower.a */ = {isa = PBXFileReference; explicitFileType = archive.ar; includeInIndex = 0; path = "libPods-SunFlower.a"; sourceTree = BUILT_PRODUCTS_DIR; };
		F893039A5B53176B7FCC6D01 /* Pods-SunFlower.release.xcconfig */ = {isa = PBXFileReference; includeInIndex = 1; lastKnownFileType = text.xcconfig; name = "Pods-SunFlower.release.xcconfig"; path = "Pods/Target Support Files/Pods-SunFlower/Pods-SunFlower.release.xcconfig"; sourceTree = "<group>"; };
/* End PBXFileReference section */

/* Begin PBXFrameworksBuildPhase section */
		043E42831EB7744C001C56F2 /* Frameworks */ = {
			isa = PBXFrameworksBuildPhase;
			buildActionMask = 2147483647;
			files = (
				A3F0FB94FE829B438C936EC8 /* libPods-SunFlower.a in Frameworks */,
			);
			runOnlyForDeploymentPostprocessing = 0;
		};
		043E429F1EB7744D001C56F2 /* Frameworks */ = {
			isa = PBXFrameworksBuildPhase;
			buildActionMask = 2147483647;
			files = (
			);
			runOnlyForDeploymentPostprocessing = 0;
		};
		043E42AA1EB7744D001C56F2 /* Frameworks */ = {
			isa = PBXFrameworksBuildPhase;
			buildActionMask = 2147483647;
			files = (
			);
			runOnlyForDeploymentPostprocessing = 0;
		};
/* End PBXFrameworksBuildPhase section */

/* Begin PBXGroup section */
		014254BF4B0FE32AC40CB078 /* Frameworks */ = {
			isa = PBXGroup;
			children = (
				D00D29523ECC09557B4F160B /* libPods-SunFlower.a */,
			);
			name = Frameworks;
			sourceTree = "<group>";
		};
		043E427D1EB7744C001C56F2 = {
			isa = PBXGroup;
			children = (
				043E42881EB7744C001C56F2 /* SunFlower */,
				043E42A51EB7744D001C56F2 /* SunFlowerTests */,
				043E42B01EB7744D001C56F2 /* SunFlowerUITests */,
				043E42871EB7744C001C56F2 /* Products */,
				B63749EBE4E6000EB80C2716 /* Pods */,
				014254BF4B0FE32AC40CB078 /* Frameworks */,
			);
			sourceTree = "<group>";
		};
		043E42871EB7744C001C56F2 /* Products */ = {
			isa = PBXGroup;
			children = (
				043E42861EB7744C001C56F2 /* SunFlower.app */,
				043E42A21EB7744D001C56F2 /* SunFlowerTests.xctest */,
				043E42AD1EB7744D001C56F2 /* SunFlowerUITests.xctest */,
			);
			name = Products;
			sourceTree = "<group>";
		};
		043E42881EB7744C001C56F2 /* SunFlower */ = {
			isa = PBXGroup;
			children = (
				04A383021ECDF8D500C0CCA3 /* Class */,
				04A3830B1ECDF8EB00C0CCA3 /* Resources */,
				043E42891EB7744C001C56F2 /* Supporting Files */,
			);
			path = SunFlower;
			sourceTree = "<group>";
		};
		043E42891EB7744C001C56F2 /* Supporting Files */ = {
			isa = PBXGroup;
			children = (
				043E42981EB7744C001C56F2 /* Assets.xcassets */,
				043E429A1EB7744C001C56F2 /* LaunchScreen.storyboard */,
				043E429D1EB7744D001C56F2 /* Info.plist */,
				043E42951EB7744C001C56F2 /* SunFlower.xcdatamodeld */,
				043E428A1EB7744C001C56F2 /* main.m */,
			);
			name = "Supporting Files";
			sourceTree = "<group>";
		};
		043E42A51EB7744D001C56F2 /* SunFlowerTests */ = {
			isa = PBXGroup;
			children = (
				043E42A61EB7744D001C56F2 /* SunFlowerTests.m */,
				043E42A81EB7744D001C56F2 /* Info.plist */,
			);
			path = SunFlowerTests;
			sourceTree = "<group>";
		};
		043E42B01EB7744D001C56F2 /* SunFlowerUITests */ = {
			isa = PBXGroup;
			children = (
				043E42B11EB7744D001C56F2 /* SunFlowerUITests.m */,
				043E42B31EB7744D001C56F2 /* Info.plist */,
			);
			path = SunFlowerUITests;
			sourceTree = "<group>";
		};
		04A383021ECDF8D500C0CCA3 /* Class */ = {
			isa = PBXGroup;
			children = (
				04ED24C81ED19864009E7ADC /* SFAppDelegate.h */,
				04ED24C91ED19864009E7ADC /* SFAppDelegate.m */,
				04ED24D51ED1DC6E009E7ADC /* SFAppDelegate+AppService.h */,
				04ED24D61ED1DC6E009E7ADC /* SFAppDelegate+AppService.m */,
				04ED24D81ED1DC7C009E7ADC /* SFAppDelegate+AppLifeCircle.h */,
				04ED24D91ED1DC7C009E7ADC /* SFAppDelegate+AppLifeCircle.m */,
				04ED24DB1ED1DC8B009E7ADC /* SFAppDelegate+RootController.h */,
				04ED24DC1ED1DC8B009E7ADC /* SFAppDelegate+RootController.m */,
				04DF6FB41EE9951400E2A31F /* Base */,
				04ED24DE1ED1E06B009E7ADC /* Main */,
				04A383031ECDF8D500C0CCA3 /* Config */,
				04A383041ECDF8D500C0CCA3 /* SFCategories */,
				04A383051ECDF8D500C0CCA3 /* SFLibs */,
				04A383091ECDF8D500C0CCA3 /* SFTools */,
			);
			path = Class;
			sourceTree = "<group>";
		};
		04A383031ECDF8D500C0CCA3 /* Config */ = {
			isa = PBXGroup;
			children = (
				040547BF1EE44FCE008B5060 /* PrefixHeader.pch */,
				040547C01EE4512D008B5060 /* Import.h */,
				040547C11EE4513A008B5060 /* Define.h */,
				040547C21EE45151008B5060 /* Api.h */,
			);
			path = Config;
			sourceTree = "<group>";
		};
		04A383041ECDF8D500C0CCA3 /* SFCategories */ = {
			isa = PBXGroup;
			children = (
			);
			path = SFCategories;
			sourceTree = "<group>";
		};
		04A383051ECDF8D500C0CCA3 /* SFLibs */ = {
			isa = PBXGroup;
			children = (
			);
			path = SFLibs;
			sourceTree = "<group>";
		};
		04A383091ECDF8D500C0CCA3 /* SFTools */ = {
			isa = PBXGroup;
			children = (
			);
			path = SFTools;
			sourceTree = "<group>";
		};
		04A3830B1ECDF8EB00C0CCA3 /* Resources */ = {
			isa = PBXGroup;
			children = (
				04A3830C1ECDF8EB00C0CCA3 /* SFImages */,
				04A3830D1ECDF8EB00C0CCA3 /* SFPlists */,
				04A3830E1ECDF8EB00C0CCA3 /* SFVideos */,
			);
			path = Resources;
			sourceTree = "<group>";
		};
		04A3830C1ECDF8EB00C0CCA3 /* SFImages */ = {
			isa = PBXGroup;
			children = (
			);
			path = SFImages;
			sourceTree = "<group>";
		};
		04A3830D1ECDF8EB00C0CCA3 /* SFPlists */ = {
			isa = PBXGroup;
			children = (
			);
			path = SFPlists;
			sourceTree = "<group>";
		};
		04A3830E1ECDF8EB00C0CCA3 /* SFVideos */ = {
			isa = PBXGroup;
			children = (
			);
			path = SFVideos;
			sourceTree = "<group>";
		};
		04DF6FB41EE9951400E2A31F /* Base */ = {
			isa = PBXGroup;
			children = (
				04DF6FB51EE9951400E2A31F /* Controller */,
				04DF6FBA1EE9951400E2A31F /* Model */,
				04DF6FBD1EE9951400E2A31F /* View */,
			);
			path = Base;
			sourceTree = "<group>";
		};
		04DF6FB51EE9951400E2A31F /* Controller */ = {
			isa = PBXGroup;
			children = (
				04DF6FB61EE9951400E2A31F /* NavigationController.h */,
				04DF6FB71EE9951400E2A31F /* NavigationController.m */,
				04DF6FB81EE9951400E2A31F /* TabBarController.h */,
				04DF6FB91EE9951400E2A31F /* TabBarController.m */,
			);
			path = Controller;
			sourceTree = "<group>";
		};
		04DF6FBA1EE9951400E2A31F /* Model */ = {
			isa = PBXGroup;
			children = (
				04DF6FBB1EE9951400E2A31F /* BaseModel.h */,
				04DF6FBC1EE9951400E2A31F /* BaseModel.m */,
			);
			path = Model;
			sourceTree = "<group>";
		};
		04DF6FBD1EE9951400E2A31F /* View */ = {
			isa = PBXGroup;
			children = (
				04DF6FBE1EE9951400E2A31F /* TabBar.h */,
				04DF6FBF1EE9951400E2A31F /* TabBar.m */,
				04DF6FC01EE9951400E2A31F /* TabBarButton.h */,
				04DF6FC11EE9951400E2A31F /* TabBarButton.m */,
			);
			path = View;
			sourceTree = "<group>";
		};
		04DF6FC71EE9998500E2A31F /* Flower */ = {
			isa = PBXGroup;
			children = (
				04DF6FC81EE9998500E2A31F /* Controller */,
				04DF6FC91EE9998500E2A31F /* Model */,
				04DF6FCA1EE9998500E2A31F /* View */,
			);
			path = Flower;
			sourceTree = "<group>";
		};
		04DF6FC81EE9998500E2A31F /* Controller */ = {
			isa = PBXGroup;
			children = (
				04DF6FDB1EE999B000E2A31F /* FlowerViewController.h */,
				04DF6FDC1EE999B000E2A31F /* FlowerViewController.m */,
			);
			path = Controller;
			sourceTree = "<group>";
		};
		04DF6FC91EE9998500E2A31F /* Model */ = {
			isa = PBXGroup;
			children = (
			);
			path = Model;
			sourceTree = "<group>";
		};
		04DF6FCA1EE9998500E2A31F /* View */ = {
			isa = PBXGroup;
			children = (
			);
			path = View;
			sourceTree = "<group>";
		};
		04DF6FCB1EE9998500E2A31F /* Mine */ = {
			isa = PBXGroup;
			children = (
				04DF6FCC1EE9998500E2A31F /* Controller */,
				04DF6FCD1EE9998500E2A31F /* Model */,
				04DF6FCE1EE9998500E2A31F /* View */,
			);
			path = Mine;
			sourceTree = "<group>";
		};
		04DF6FCC1EE9998500E2A31F /* Controller */ = {
			isa = PBXGroup;
			children = (
				04DF6FDE1EE999BC00E2A31F /* MineViewController.h */,
				04DF6FDF1EE999BC00E2A31F /* MineViewController.m */,
			);
			path = Controller;
			sourceTree = "<group>";
		};
		04DF6FCD1EE9998500E2A31F /* Model */ = {
			isa = PBXGroup;
			children = (
			);
			path = Model;
			sourceTree = "<group>";
		};
		04DF6FCE1EE9998500E2A31F /* View */ = {
			isa = PBXGroup;
			children = (
			);
			path = View;
			sourceTree = "<group>";
		};
		04DF6FCF1EE9998500E2A31F /* Publish */ = {
			isa = PBXGroup;
			children = (
				04DF6FD01EE9998500E2A31F /* Controller */,
				04DF6FD11EE9998500E2A31F /* Model */,
				04DF6FD21EE9998500E2A31F /* View */,
			);
			path = Publish;
			sourceTree = "<group>";
		};
		04DF6FD01EE9998500E2A31F /* Controller */ = {
			isa = PBXGroup;
			children = (
				04DF6FE11EE999CB00E2A31F /* PublishViewController.h */,
				04DF6FE21EE999CB00E2A31F /* PublishViewController.m */,
			);
			path = Controller;
			sourceTree = "<group>";
		};
		04DF6FD11EE9998500E2A31F /* Model */ = {
			isa = PBXGroup;
			children = (
			);
			path = Model;
			sourceTree = "<group>";
		};
		04DF6FD21EE9998500E2A31F /* View */ = {
			isa = PBXGroup;
			children = (
			);
			path = View;
			sourceTree = "<group>";
		};
		04DF6FD31EE9998500E2A31F /* Station */ = {
			isa = PBXGroup;
			children = (
				04DF6FD41EE9998500E2A31F /* Controller */,
				04DF6FD51EE9998500E2A31F /* Model */,
				04DF6FD61EE9998500E2A31F /* View */,
			);
			path = Station;
			sourceTree = "<group>";
		};
		04DF6FD41EE9998500E2A31F /* Controller */ = {
			isa = PBXGroup;
			children = (
				04A087061EF02A2600F4E242 /* StationViewController.h */,
				04A087071EF02A2600F4E242 /* StationViewController.m */,
			);
			path = Controller;
			sourceTree = "<group>";
		};
		04DF6FD51EE9998500E2A31F /* Model */ = {
			isa = PBXGroup;
			children = (
			);
			path = Model;
			sourceTree = "<group>";
		};
		04DF6FD61EE9998500E2A31F /* View */ = {
			isa = PBXGroup;
			children = (
			);
			path = View;
			sourceTree = "<group>";
		};
		04DF6FD71EE9998500E2A31F /* Topic */ = {
			isa = PBXGroup;
			children = (
				04DF6FD81EE9998500E2A31F /* Controller */,
				04DF6FD91EE9998500E2A31F /* Model */,
				04DF6FDA1EE9998500E2A31F /* View */,
			);
			path = Topic;
			sourceTree = "<group>";
		};
		04DF6FD81EE9998500E2A31F /* Controller */ = {
			isa = PBXGroup;
			children = (
				04DF6FE71EE999E400E2A31F /* TopicViewController.h */,
				04DF6FE81EE999E400E2A31F /* TopicViewController.m */,
			);
			path = Controller;
			sourceTree = "<group>";
		};
		04DF6FD91EE9998500E2A31F /* Model */ = {
			isa = PBXGroup;
			children = (
			);
			path = Model;
			sourceTree = "<group>";
		};
		04DF6FDA1EE9998500E2A31F /* View */ = {
			isa = PBXGroup;
			children = (
			);
			path = View;
			sourceTree = "<group>";
		};
		04ED24DE1ED1E06B009E7ADC /* Main */ = {
			isa = PBXGroup;
			children = (
				04DF6FC71EE9998500E2A31F /* Flower */,
				04DF6FCB1EE9998500E2A31F /* Mine */,
				04DF6FCF1EE9998500E2A31F /* Publish */,
				04DF6FD31EE9998500E2A31F /* Station */,
				04DF6FD71EE9998500E2A31F /* Topic */,
			);
			path = Main;
			sourceTree = "<group>";
		};
		B63749EBE4E6000EB80C2716 /* Pods */ = {
			isa = PBXGroup;
			children = (
				24335FE311BF223605AC2178 /* Pods-SunFlower.debug.xcconfig */,
				F893039A5B53176B7FCC6D01 /* Pods-SunFlower.release.xcconfig */,
			);
			name = Pods;
			sourceTree = "<group>";
		};
/* End PBXGroup section */

/* Begin PBXNativeTarget section */
		043E42851EB7744C001C56F2 /* SunFlower */ = {
			isa = PBXNativeTarget;
			buildConfigurationList = 043E42B61EB7744D001C56F2 /* Build configuration list for PBXNativeTarget "SunFlower" */;
			buildPhases = (
				043E42821EB7744C001C56F2 /* Sources */,
				043E42831EB7744C001C56F2 /* Frameworks */,
				043E42841EB7744C001C56F2 /* Resources */,
			);
			buildRules = (
			);
			dependencies = (
			);
			name = SunFlower;
			productName = SunFlower;
			productReference = 043E42861EB7744C001C56F2 /* SunFlower.app */;
			productType = "com.apple.product-type.application";
		};
		043E42A11EB7744D001C56F2 /* SunFlowerTests */ = {
			isa = PBXNativeTarget;
			buildConfigurationList = 043E42B91EB7744D001C56F2 /* Build configuration list for PBXNativeTarget "SunFlowerTests" */;
			buildPhases = (
				043E429E1EB7744D001C56F2 /* Sources */,
				043E429F1EB7744D001C56F2 /* Frameworks */,
				043E42A01EB7744D001C56F2 /* Resources */,
			);
			buildRules = (
			);
			dependencies = (
				043E42A41EB7744D001C56F2 /* PBXTargetDependency */,
			);
			name = SunFlowerTests;
			productName = SunFlowerTests;
			productReference = 043E42A21EB7744D001C56F2 /* SunFlowerTests.xctest */;
			productType = "com.apple.product-type.bundle.unit-test";
		};
		043E42AC1EB7744D001C56F2 /* SunFlowerUITests */ = {
			isa = PBXNativeTarget;
			buildConfigurationList = 043E42BC1EB7744D001C56F2 /* Build configuration list for PBXNativeTarget "SunFlowerUITests" */;
			buildPhases = (
				043E42A91EB7744D001C56F2 /* Sources */,
				043E42AA1EB7744D001C56F2 /* Frameworks */,
				043E42AB1EB7744D001C56F2 /* Resources */,
			);
			buildRules = (
			);
			dependencies = (
				043E42AF1EB7744D001C56F2 /* PBXTargetDependency */,
			);
			name = SunFlowerUITests;
			productName = SunFlowerUITests;
			productReference = 043E42AD1EB7744D001C56F2 /* SunFlowerUITests.xctest */;
			productType = "com.apple.product-type.bundle.ui-testing";
		};
/* End PBXNativeTarget section */

/* Begin PBXProject section */
		043E427E1EB7744C001C56F2 /* Project object */ = {
			isa = PBXProject;
			attributes = {
				LastUpgradeCheck = 0830;
				ORGANIZATIONNAME = "向日葵";
				TargetAttributes = {
					043E42851EB7744C001C56F2 = {
						CreatedOnToolsVersion = 8.3;
						DevelopmentTeam = ZWYU872L8K;
						ProvisioningStyle = Automatic;
					};
					043E42A11EB7744D001C56F2 = {
						CreatedOnToolsVersion = 8.3;
						DevelopmentTeam = Y43V5UXE58;
						ProvisioningStyle = Automatic;
						TestTargetID = 043E42851EB7744C001C56F2;
					};
					043E42AC1EB7744D001C56F2 = {
						CreatedOnToolsVersion = 8.3;
						DevelopmentTeam = Y43V5UXE58;
						ProvisioningStyle = Automatic;
						TestTargetID = 043E42851EB7744C001C56F2;
					};
				};
			};
			buildConfigurationList = 043E42811EB7744C001C56F2 /* Build configuration list for PBXProject "SunFlower" */;
			compatibilityVersion = "Xcode 3.2";
			developmentRegion = English;
			hasScannedForEncodings = 0;
			knownRegions = (
				en,
				Base,
			);
			mainGroup = 043E427D1EB7744C001C56F2;
			productRefGroup = 043E42871EB7744C001C56F2 /* Products */;
			projectDirPath = "";
			projectRoot = "";
			targets = (
				043E42851EB7744C001C56F2 /* SunFlower */,
				043E42A11EB7744D001C56F2 /* SunFlowerTests */,
				043E42AC1EB7744D001C56F2 /* SunFlowerUITests */,
			);
		};
/* End PBXProject section */

/* Begin PBXResourcesBuildPhase section */
		043E42841EB7744C001C56F2 /* Resources */ = {
			isa = PBXResourcesBuildPhase;
			buildActionMask = 2147483647;
			files = (
				043E429C1EB7744C001C56F2 /* LaunchScreen.storyboard in Resources */,
				043E42991EB7744C001C56F2 /* Assets.xcassets in Resources */,
			);
			runOnlyForDeploymentPostprocessing = 0;
		};
		043E42A01EB7744D001C56F2 /* Resources */ = {
			isa = PBXResourcesBuildPhase;
			buildActionMask = 2147483647;
			files = (
			);
			runOnlyForDeploymentPostprocessing = 0;
		};
		043E42AB1EB7744D001C56F2 /* Resources */ = {
			isa = PBXResourcesBuildPhase;
			buildActionMask = 2147483647;
			files = (
			);
			runOnlyForDeploymentPostprocessing = 0;
		};
/* End PBXResourcesBuildPhase section */

/* Begin PBXSourcesBuildPhase section */
		043E42821EB7744C001C56F2 /* Sources */ = {
			isa = PBXSourcesBuildPhase;
			buildActionMask = 2147483647;
			files = (
				04DF6FC41EE9951400E2A31F /* BaseModel.m in Sources */,
				043E428B1EB7744C001C56F2 /* main.m in Sources */,
				04DF6FE01EE999BC00E2A31F /* MineViewController.m in Sources */,
				04A087081EF02A2600F4E242 /* StationViewController.m in Sources */,
				04ED24DD1ED1DC8B009E7ADC /* SFAppDelegate+RootController.m in Sources */,
				04DF6FDD1EE999B000E2A31F /* FlowerViewController.m in Sources */,
				04ED24CA1ED19864009E7ADC /* SFAppDelegate.m in Sources */,
				04ED24DA1ED1DC7C009E7ADC /* SFAppDelegate+AppLifeCircle.m in Sources */,
				04DF6FC51EE9951400E2A31F /* TabBar.m in Sources */,
				043E42971EB7744C001C56F2 /* SunFlower.xcdatamodeld in Sources */,
				04DF6FC31EE9951400E2A31F /* TabBarController.m in Sources */,
				04DF6FE31EE999CB00E2A31F /* PublishViewController.m in Sources */,
				04ED24D71ED1DC6E009E7ADC /* SFAppDelegate+AppService.m in Sources */,
				04DF6FC61EE9951400E2A31F /* TabBarButton.m in Sources */,
				04DF6FE91EE999E400E2A31F /* TopicViewController.m in Sources */,
				04DF6FC21EE9951400E2A31F /* NavigationController.m in Sources */,
			);
			runOnlyForDeploymentPostprocessing = 0;
		};
		043E429E1EB7744D001C56F2 /* Sources */ = {
			isa = PBXSourcesBuildPhase;
			buildActionMask = 2147483647;
			files = (
				043E42A71EB7744D001C56F2 /* SunFlowerTests.m in Sources */,
			);
			runOnlyForDeploymentPostprocessing = 0;
		};
		043E42A91EB7744D001C56F2 /* Sources */ = {
			isa = PBXSourcesBuildPhase;
			buildActionMask = 2147483647;
			files = (
				043E42B21EB7744D001C56F2 /* SunFlowerUITests.m in Sources */,
			);
			runOnlyForDeploymentPostprocessing = 0;
		};
/* End PBXSourcesBuildPhase section */

/* Begin PBXTargetDependency section */
		043E42A41EB7744D001C56F2 /* PBXTargetDependency */ = {
			isa = PBXTargetDependency;
			target = 043E42851EB7744C001C56F2 /* SunFlower */;
			targetProxy = 043E42A31EB7744D001C56F2 /* PBXContainerItemProxy */;
		};
		043E42AF1EB7744D001C56F2 /* PBXTargetDependency */ = {
			isa = PBXTargetDependency;
			target = 043E42851EB7744C001C56F2 /* SunFlower */;
			targetProxy = 043E42AE1EB7744D001C56F2 /* PBXContainerItemProxy */;
		};
/* End PBXTargetDependency section */

/* Begin PBXVariantGroup section */
		043E429A1EB7744C001C56F2 /* LaunchScreen.storyboard */ = {
			isa = PBXVariantGroup;
			children = (
				043E429B1EB7744C001C56F2 /* Base */,
			);
			name = LaunchScreen.storyboard;
			sourceTree = "<group>";
		};
/* End PBXVariantGroup section */

/* Begin XCBuildConfiguration section */
		043E42B41EB7744D001C56F2 /* Debug */ = {
			isa = XCBuildConfiguration;
			buildSettings = {
				ALWAYS_SEARCH_USER_PATHS = NO;
				CLANG_ANALYZER_NONNULL = YES;
				CLANG_ANALYZER_NUMBER_OBJECT_CONVERSION = YES_AGGRESSIVE;
				CLANG_CXX_LANGUAGE_STANDARD = "gnu++0x";
				CLANG_CXX_LIBRARY = "libc++";
				CLANG_ENABLE_MODULES = YES;
				CLANG_ENABLE_OBJC_ARC = YES;
				CLANG_WARN_BOOL_CONVERSION = YES;
				CLANG_WARN_CONSTANT_CONVERSION = YES;
				CLANG_WARN_DIRECT_OBJC_ISA_USAGE = YES_ERROR;
				CLANG_WARN_DOCUMENTATION_COMMENTS = YES;
				CLANG_WARN_EMPTY_BODY = YES;
				CLANG_WARN_ENUM_CONVERSION = YES;
				CLANG_WARN_INFINITE_RECURSION = YES;
				CLANG_WARN_INT_CONVERSION = YES;
				CLANG_WARN_OBJC_ROOT_CLASS = YES_ERROR;
				CLANG_WARN_SUSPICIOUS_MOVE = YES;
				CLANG_WARN_UNREACHABLE_CODE = YES;
				CLANG_WARN__DUPLICATE_METHOD_MATCH = YES;
				"CODE_SIGN_IDENTITY[sdk=iphoneos*]" = "iPhone Developer";
				COPY_PHASE_STRIP = NO;
				DEBUG_INFORMATION_FORMAT = dwarf;
				ENABLE_STRICT_OBJC_MSGSEND = YES;
				ENABLE_TESTABILITY = YES;
				GCC_C_LANGUAGE_STANDARD = gnu99;
				GCC_DYNAMIC_NO_PIC = NO;
				GCC_NO_COMMON_BLOCKS = YES;
				GCC_OPTIMIZATION_LEVEL = 0;
				GCC_PREPROCESSOR_DEFINITIONS = (
					"DEBUG=1",
					"$(inherited)",
				);
				GCC_WARN_64_TO_32_BIT_CONVERSION = YES;
				GCC_WARN_ABOUT_RETURN_TYPE = YES_ERROR;
				GCC_WARN_UNDECLARED_SELECTOR = YES;
				GCC_WARN_UNINITIALIZED_AUTOS = YES_AGGRESSIVE;
				GCC_WARN_UNUSED_FUNCTION = YES;
				GCC_WARN_UNUSED_VARIABLE = YES;
				IPHONEOS_DEPLOYMENT_TARGET = 10.3;
				MTL_ENABLE_DEBUG_INFO = YES;
				ONLY_ACTIVE_ARCH = YES;
				SDKROOT = iphoneos;
				TARGETED_DEVICE_FAMILY = "1,2";
			};
			name = Debug;
		};
		043E42B51EB7744D001C56F2 /* Release */ = {
			isa = XCBuildConfiguration;
			buildSettings = {
				ALWAYS_SEARCH_USER_PATHS = NO;
				CLANG_ANALYZER_NONNULL = YES;
				CLANG_ANALYZER_NUMBER_OBJECT_CONVERSION = YES_AGGRESSIVE;
				CLANG_CXX_LANGUAGE_STANDARD = "gnu++0x";
				CLANG_CXX_LIBRARY = "libc++";
				CLANG_ENABLE_MODULES = YES;
				CLANG_ENABLE_OBJC_ARC = YES;
				CLANG_WARN_BOOL_CONVERSION = YES;
				CLANG_WARN_CONSTANT_CONVERSION = YES;
				CLANG_WARN_DIRECT_OBJC_ISA_USAGE = YES_ERROR;
				CLANG_WARN_DOCUMENTATION_COMMENTS = YES;
				CLANG_WARN_EMPTY_BODY = YES;
				CLANG_WARN_ENUM_CONVERSION = YES;
				CLANG_WARN_INFINITE_RECURSION = YES;
				CLANG_WARN_INT_CONVERSION = YES;
				CLANG_WARN_OBJC_ROOT_CLASS = YES_ERROR;
				CLANG_WARN_SUSPICIOUS_MOVE = YES;
				CLANG_WARN_UNREACHABLE_CODE = YES;
				CLANG_WARN__DUPLICATE_METHOD_MATCH = YES;
				"CODE_SIGN_IDENTITY[sdk=iphoneos*]" = "iPhone Developer";
				COPY_PHASE_STRIP = NO;
				DEBUG_INFORMATION_FORMAT = "dwarf-with-dsym";
				ENABLE_NS_ASSERTIONS = NO;
				ENABLE_STRICT_OBJC_MSGSEND = YES;
				GCC_C_LANGUAGE_STANDARD = gnu99;
				GCC_NO_COMMON_BLOCKS = YES;
				GCC_WARN_64_TO_32_BIT_CONVERSION = YES;
				GCC_WARN_ABOUT_RETURN_TYPE = YES_ERROR;
				GCC_WARN_UNDECLARED_SELECTOR = YES;
				GCC_WARN_UNINITIALIZED_AUTOS = YES_AGGRESSIVE;
				GCC_WARN_UNUSED_FUNCTION = YES;
				GCC_WARN_UNUSED_VARIABLE = YES;
				IPHONEOS_DEPLOYMENT_TARGET = 10.3;
				MTL_ENABLE_DEBUG_INFO = NO;
				SDKROOT = iphoneos;
				TARGETED_DEVICE_FAMILY = "1,2";
				VALIDATE_PRODUCT = YES;
			};
			name = Release;
		};
		043E42B71EB7744D001C56F2 /* Debug */ = {
			isa = XCBuildConfiguration;
			baseConfigurationReference = 24335FE311BF223605AC2178 /* Pods-SunFlower.debug.xcconfig */;
			buildSettings = {
				ASSETCATALOG_COMPILER_APPICON_NAME = AppIcon;
				"CODE_SIGN_IDENTITY[sdk=iphoneos*]" = "iPhone Developer";
				DEVELOPMENT_TEAM = ZWYU872L8K;
				GCC_PREFIX_HEADER = "$(SRCROOT)/SunFlower/Class/Config/PrefixHeader.pch";
				INFOPLIST_FILE = SunFlower/Info.plist;
				IPHONEOS_DEPLOYMENT_TARGET = 8.0;
				LD_RUNPATH_SEARCH_PATHS = "$(inherited) @executable_path/Frameworks";
				PRODUCT_BUNDLE_IDENTIFIER = com.chen.sunflower;
				PRODUCT_NAME = "$(TARGET_NAME)";
				PROVISIONING_PROFILE_SPECIFIER = "";
			};
			name = Debug;
		};
		043E42B81EB7744D001C56F2 /* Release */ = {
			isa = XCBuildConfiguration;
			baseConfigurationReference = F893039A5B53176B7FCC6D01 /* Pods-SunFlower.release.xcconfig */;
			buildSettings = {
				ASSETCATALOG_COMPILER_APPICON_NAME = AppIcon;
				"CODE_SIGN_IDENTITY[sdk=iphoneos*]" = "iPhone Developer";
				DEVELOPMENT_TEAM = ZWYU872L8K;
				GCC_PREFIX_HEADER = "$(SRCROOT)/SunFlower/Class/Config/PrefixHeader.pch";
				INFOPLIST_FILE = SunFlower/Info.plist;
				IPHONEOS_DEPLOYMENT_TARGET = 8.0;
				LD_RUNPATH_SEARCH_PATHS = "$(inherited) @executable_path/Frameworks";
				PRODUCT_BUNDLE_IDENTIFIER = com.chen.sunflower;
				PRODUCT_NAME = "$(TARGET_NAME)";
				PROVISIONING_PROFILE_SPECIFIER = "";
			};
			name = Release;
		};
		043E42BA1EB7744D001C56F2 /* Debug */ = {
			isa = XCBuildConfiguration;
			buildSettings = {
				BUNDLE_LOADER = "$(TEST_HOST)";
				DEVELOPMENT_TEAM = Y43V5UXE58;
				INFOPLIST_FILE = SunFlowerTests/Info.plist;
				LD_RUNPATH_SEARCH_PATHS = "$(inherited) @executable_path/Frameworks @loader_path/Frameworks";
				PRODUCT_BUNDLE_IDENTIFIER = com.chen.zhanfang.SunFlowerTests;
				PRODUCT_NAME = "$(TARGET_NAME)";
				TEST_HOST = "$(BUILT_PRODUCTS_DIR)/SunFlower.app/SunFlower";
			};
			name = Debug;
		};
		043E42BB1EB7744D001C56F2 /* Release */ = {
			isa = XCBuildConfiguration;
			buildSettings = {
				BUNDLE_LOADER = "$(TEST_HOST)";
				DEVELOPMENT_TEAM = Y43V5UXE58;
				INFOPLIST_FILE = SunFlowerTests/Info.plist;
				LD_RUNPATH_SEARCH_PATHS = "$(inherited) @executable_path/Frameworks @loader_path/Frameworks";
				PRODUCT_BUNDLE_IDENTIFIER = com.chen.zhanfang.SunFlowerTests;
				PRODUCT_NAME = "$(TARGET_NAME)";
				TEST_HOST = "$(BUILT_PRODUCTS_DIR)/SunFlower.app/SunFlower";
			};
			name = Release;
		};
		043E42BD1EB7744D001C56F2 /* Debug */ = {
			isa = XCBuildConfiguration;
			buildSettings = {
				DEVELOPMENT_TEAM = Y43V5UXE58;
				INFOPLIST_FILE = SunFlowerUITests/Info.plist;
				LD_RUNPATH_SEARCH_PATHS = "$(inherited) @executable_path/Frameworks @loader_path/Frameworks";
				PRODUCT_BUNDLE_IDENTIFIER = com.chen.zhanfang.SunFlowerUITests;
				PRODUCT_NAME = "$(TARGET_NAME)";
				TEST_TARGET_NAME = SunFlower;
			};
			name = Debug;
		};
		043E42BE1EB7744D001C56F2 /* Release */ = {
			isa = XCBuildConfiguration;
			buildSettings = {
				DEVELOPMENT_TEAM = Y43V5UXE58;
				INFOPLIST_FILE = SunFlowerUITests/Info.plist;
				LD_RUNPATH_SEARCH_PATHS = "$(inherited) @executable_path/Frameworks @loader_path/Frameworks";
				PRODUCT_BUNDLE_IDENTIFIER = com.chen.zhanfang.SunFlowerUITests;
				PRODUCT_NAME = "$(TARGET_NAME)";
				TEST_TARGET_NAME = SunFlower;
			};
			name = Release;
		};
/* End XCBuildConfiguration section */

/* Begin XCConfigurationList section */
		043E42811EB7744C001C56F2 /* Build configuration list for PBXProject "SunFlower" */ = {
			isa = XCConfigurationList;
			buildConfigurations = (
				043E42B41EB7744D001C56F2 /* Debug */,
				043E42B51EB7744D001C56F2 /* Release */,
			);
			defaultConfigurationIsVisible = 0;
			defaultConfigurationName = Release;
		};
		043E42B61EB7744D001C56F2 /* Build configuration list for PBXNativeTarget "SunFlower" */ = {
			isa = XCConfigurationList;
			buildConfigurations = (
				043E42B71EB7744D001C56F2 /* Debug */,
				043E42B81EB7744D001C56F2 /* Release */,
			);
			defaultConfigurationIsVisible = 0;
			defaultConfigurationName = Release;
		};
		043E42B91EB7744D001C56F2 /* Build configuration list for PBXNativeTarget "SunFlowerTests" */ = {
			isa = XCConfigurationList;
			buildConfigurations = (
				043E42BA1EB7744D001C56F2 /* Debug */,
				043E42BB1EB7744D001C56F2 /* Release */,
			);
			defaultConfigurationIsVisible = 0;
			defaultConfigurationName = Release;
		};
		043E42BC1EB7744D001C56F2 /* Build configuration list for PBXNativeTarget "SunFlowerUITests" */ = {
			isa = XCConfigurationList;
			buildConfigurations = (
				043E42BD1EB7744D001C56F2 /* Debug */,
				043E42BE1EB7744D001C56F2 /* Release */,
			);
			defaultConfigurationIsVisible = 0;
			defaultConfigurationName = Release;
		};
/* End XCConfigurationList section */

/* Begin XCVersionGroup section */
		043E42951EB7744C001C56F2 /* SunFlower.xcdatamodeld */ = {
			isa = XCVersionGroup;
			children = (
				043E42961EB7744C001C56F2 /* SunFlower.xcdatamodel */,
			);
			currentVersion = 043E42961EB7744C001C56F2 /* SunFlower.xcdatamodel */;
			path = SunFlower.xcdatamodeld;
			sourceTree = "<group>";
			versionGroupType = wrapper.xcdatamodel;
		};
/* End XCVersionGroup section */
	};
	rootObject = 043E427E1EB7744C001C56F2 /* Project object */;
}
